prepare:
  cmd: python src/prepare.py data/data.xml
  deps:
  - path: data/data.xml
    md5: a304afb96060aad90176268345e10355
  - path: src/prepare.py
    md5: 2870f474e244b37d922be75deaac09dd
  params:
    params.yaml:
      prepare.seed: 20170428
      prepare.split: 0.2
  outs:
  - path: data/prepared
    md5: 20b786b6e6f80e2b3fcf17827ad18597.dir
featurize:
  cmd: python src/featurization.py data/prepared data/features
  deps:
  - path: data/prepared
    md5: 20b786b6e6f80e2b3fcf17827ad18597.dir
  - path: src/featurization.py
    md5: 02180903aa05599ceaa6ff6ee2471d00
  params:
    params.yaml:
      featurize.max_features: 300
      featurize.ngrams: 1
  outs:
  - path: data/features
    md5: 74ad267c0894e6e4cd56dd9ac51c29ad.dir
train:
  cmd: python src/train.py data/features model.pkl
  deps:
  - path: data/features
    md5: 74ad267c0894e6e4cd56dd9ac51c29ad.dir
  - path: src/train.py
    md5: ad8e71b2cca4334a7d3bb6495645068c
  params:
    params.yaml:
      train.n_estimators: 50
      train.seed: 20170428
  outs:
  - path: model.pkl
    md5: 87a5993104c9b976a7580f4dc67120d8
evaluate:
  cmd: python src/evaluate.py model.pkl data/features scores.json prc.json
  deps:
  - path: data/features
    md5: 74ad267c0894e6e4cd56dd9ac51c29ad.dir
  - path: model.pkl
    md5: 87a5993104c9b976a7580f4dc67120d8
  - path: src/evaluate.py
    md5: 631fd3f13434edcf4abd56a5b798e8b2
  outs:
  - path: prc.json
    md5: 1bfc1ac1e473aebdd252cfd3968ec5d7
  - path: scores.json
    md5: 454cc9690475c0a43df515b2b260f30e
